
Microsoft Visual Studio Solution File, Format Version 12.00
# Visual Studio 2012
Project("{FAE04EC0-301F-11D3-BF4B-00C04F79EFBC}") = "StitchWitch.iOS", "StitchyPhone2\StitchWitch.iOS.csproj", "{4FD5442E-42B2-4EC2-964C-0533C595F689}"
EndProject
Project("{FAE04EC0-301F-11D3-BF4B-00C04F79EFBC}") = "StitchWitch.Core", "Stitcher\StitchWitch.Core.csproj", "{9869C3B6-AAFD-40F4-B490-5F6A638C1669}"
EndProject
Project("{FAE04EC0-301F-11D3-BF4B-00C04F79EFBC}") = "StitchWitch.Core.Tests", "StitchWitch.Core.Tests\StitchWitch.Core.Tests.csproj", "{46C49614-E072-4593-9F35-D2813C436BE5}"
EndProject
Global
	GlobalSection(SolutionConfigurationPlatforms) = preSolution
		Ad-Hoc|Any CPU = Ad-Hoc|Any CPU
		Ad-Hoc|iPhone = Ad-Hoc|iPhone
		Ad-Hoc|iPhoneSimulator = Ad-Hoc|iPhoneSimulator
		Ad-Hoc|Mixed Platforms = Ad-Hoc|Mixed Platforms
		AppStore|Any CPU = AppStore|Any CPU
		AppStore|iPhone = AppStore|iPhone
		AppStore|iPhoneSimulator = AppStore|iPhoneSimulator
		AppStore|Mixed Platforms = AppStore|Mixed Platforms
		Debug|Any CPU = Debug|Any CPU
		Debug|iPhone = Debug|iPhone
		Debug|iPhoneSimulator = Debug|iPhoneSimulator
		Debug|Mixed Platforms = Debug|Mixed Platforms
		Release|Any CPU = Release|Any CPU
		Release|iPhone = Release|iPhone
		Release|iPhoneSimulator = Release|iPhoneSimulator
		Release|Mixed Platforms = Release|Mixed Platforms
	EndGlobalSection
	GlobalSection(ProjectConfigurationPlatforms) = postSolution
		{4FD5442E-42B2-4EC2-964C-0533C595F689}.Ad-Hoc|Any CPU.ActiveCfg = Ad-Hoc|iPhoneSimulator
		{4FD5442E-42B2-4EC2-964C-0533C595F689}.Ad-Hoc|iPhone.ActiveCfg = Ad-Hoc|iPhone
		{4FD5442E-42B2-4EC2-964C-0533C595F689}.Ad-Hoc|iPhone.Build.0 = Ad-Hoc|iPhone
		{4FD5442E-42B2-4EC2-964C-0533C595F689}.Ad-Hoc|iPhoneSimulator.ActiveCfg = Ad-Hoc|iPhoneSimulator
		{4FD5442E-42B2-4EC2-964C-0533C595F689}.Ad-Hoc|iPhoneSimulator.Build.0 = Ad-Hoc|iPhoneSimulator
		{4FD5442E-42B2-4EC2-964C-0533C595F689}.Ad-Hoc|iPhoneSimulator.Deploy.0 = Ad-Hoc|iPhoneSimulator
		{4FD5442E-42B2-4EC2-964C-0533C595F689}.Ad-Hoc|Mixed Platforms.ActiveCfg = Ad-Hoc|iPhoneSimulator
		{4FD5442E-42B2-4EC2-964C-0533C595F689}.Ad-Hoc|Mixed Platforms.Build.0 = Ad-Hoc|iPhoneSimulator
		{4FD5442E-42B2-4EC2-964C-0533C595F689}.AppStore|Any CPU.ActiveCfg = AppStore|iPhoneSimulator
		{4FD5442E-42B2-4EC2-964C-0533C595F689}.AppStore|iPhone.ActiveCfg = AppStore|iPhone
		{4FD5442E-42B2-4EC2-964C-0533C595F689}.AppStore|iPhone.Build.0 = AppStore|iPhone
		{4FD5442E-42B2-4EC2-964C-0533C595F689}.AppStore|iPhoneSimulator.ActiveCfg = AppStore|iPhoneSimulator
		{4FD5442E-42B2-4EC2-964C-0533C595F689}.AppStore|iPhoneSimulator.Build.0 = AppStore|iPhoneSimulator
		{4FD5442E-42B2-4EC2-964C-0533C595F689}.AppStore|iPhoneSimulator.Deploy.0 = AppStore|iPhoneSimulator
		{4FD5442E-42B2-4EC2-964C-0533C595F689}.AppStore|Mixed Platforms.ActiveCfg = AppStore|iPhoneSimulator
		{4FD5442E-42B2-4EC2-964C-0533C595F689}.AppStore|Mixed Platforms.Build.0 = AppStore|iPhoneSimulator
		{4FD5442E-42B2-4EC2-964C-0533C595F689}.Debug|Any CPU.ActiveCfg = Debug|iPhoneSimulator
		{4FD5442E-42B2-4EC2-964C-0533C595F689}.Debug|iPhone.ActiveCfg = Debug|iPhone
		{4FD5442E-42B2-4EC2-964C-0533C595F689}.Debug|iPhone.Build.0 = Debug|iPhone
		{4FD5442E-42B2-4EC2-964C-0533C595F689}.Debug|iPhoneSimulator.ActiveCfg = Debug|iPhoneSimulator
		{4FD5442E-42B2-4EC2-964C-0533C595F689}.Debug|iPhoneSimulator.Build.0 = Debug|iPhoneSimulator
		{4FD5442E-42B2-4EC2-964C-0533C595F689}.Debug|Mixed Platforms.ActiveCfg = Debug|iPhoneSimulator
		{4FD5442E-42B2-4EC2-964C-0533C595F689}.Debug|Mixed Platforms.Build.0 = Debug|iPhoneSimulator
		{4FD5442E-42B2-4EC2-964C-0533C595F689}.Release|Any CPU.ActiveCfg = Release|iPhoneSimulator
		{4FD5442E-42B2-4EC2-964C-0533C595F689}.Release|iPhone.ActiveCfg = Release|iPhone
		{4FD5442E-42B2-4EC2-964C-0533C595F689}.Release|iPhone.Build.0 = Release|iPhone
		{4FD5442E-42B2-4EC2-964C-0533C595F689}.Release|iPhoneSimulator.ActiveCfg = Release|iPhoneSimulator
		{4FD5442E-42B2-4EC2-964C-0533C595F689}.Release|iPhoneSimulator.Build.0 = Release|iPhoneSimulator
		{4FD5442E-42B2-4EC2-964C-0533C595F689}.Release|Mixed Platforms.ActiveCfg = Release|iPhoneSimulator
		{4FD5442E-42B2-4EC2-964C-0533C595F689}.Release|Mixed Platforms.Build.0 = Release|iPhoneSimulator
		{9869C3B6-AAFD-40F4-B490-5F6A638C1669}.Ad-Hoc|Any CPU.ActiveCfg = Debug|Any CPU
		{9869C3B6-AAFD-40F4-B490-5F6A638C1669}.Ad-Hoc|Any CPU.Build.0 = Debug|Any CPU
		{9869C3B6-AAFD-40F4-B490-5F6A638C1669}.Ad-Hoc|iPhone.ActiveCfg = Release|Any CPU
		{9869C3B6-AAFD-40F4-B490-5F6A638C1669}.Ad-Hoc|iPhone.Build.0 = Release|Any CPU
		{9869C3B6-AAFD-40F4-B490-5F6A638C1669}.Ad-Hoc|iPhoneSimulator.ActiveCfg = Debug|Any CPU
		{9869C3B6-AAFD-40F4-B490-5F6A638C1669}.Ad-Hoc|Mixed Platforms.ActiveCfg = Debug|Any CPU
		{9869C3B6-AAFD-40F4-B490-5F6A638C1669}.Ad-Hoc|Mixed Platforms.Build.0 = Debug|Any CPU
		{9869C3B6-AAFD-40F4-B490-5F6A638C1669}.AppStore|Any CPU.ActiveCfg = Debug|Any CPU
		{9869C3B6-AAFD-40F4-B490-5F6A638C1669}.AppStore|Any CPU.Build.0 = Debug|Any CPU
		{9869C3B6-AAFD-40F4-B490-5F6A638C1669}.AppStore|iPhone.ActiveCfg = Release|Any CPU
		{9869C3B6-AAFD-40F4-B490-5F6A638C1669}.AppStore|iPhone.Build.0 = Release|Any CPU
		{9869C3B6-AAFD-40F4-B490-5F6A638C1669}.AppStore|iPhoneSimulator.ActiveCfg = Debug|Any CPU
		{9869C3B6-AAFD-40F4-B490-5F6A638C1669}.AppStore|Mixed Platforms.ActiveCfg = Debug|Any CPU
		{9869C3B6-AAFD-40F4-B490-5F6A638C1669}.AppStore|Mixed Platforms.Build.0 = Debug|Any CPU
		{9869C3B6-AAFD-40F4-B490-5F6A638C1669}.Debug|Any CPU.ActiveCfg = Debug|Any CPU
		{9869C3B6-AAFD-40F4-B490-5F6A638C1669}.Debug|Any CPU.Build.0 = Debug|Any CPU
		{9869C3B6-AAFD-40F4-B490-5F6A638C1669}.Debug|iPhone.ActiveCfg = Debug|Any CPU
		{9869C3B6-AAFD-40F4-B490-5F6A638C1669}.Debug|iPhone.Build.0 = Debug|Any CPU
		{9869C3B6-AAFD-40F4-B490-5F6A638C1669}.Debug|iPhoneSimulator.ActiveCfg = Debug|Any CPU
		{9869C3B6-AAFD-40F4-B490-5F6A638C1669}.Debug|iPhoneSimulator.Build.0 = Debug|Any CPU
		{9869C3B6-AAFD-40F4-B490-5F6A638C1669}.Debug|Mixed Platforms.ActiveCfg = Debug|Any CPU
		{9869C3B6-AAFD-40F4-B490-5F6A638C1669}.Debug|Mixed Platforms.Build.0 = Debug|Any CPU
		{9869C3B6-AAFD-40F4-B490-5F6A638C1669}.Release|Any CPU.ActiveCfg = Release|Any CPU
		{9869C3B6-AAFD-40F4-B490-5F6A638C1669}.Release|Any CPU.Build.0 = Release|Any CPU
		{9869C3B6-AAFD-40F4-B490-5F6A638C1669}.Release|iPhone.ActiveCfg = Release|Any CPU
		{9869C3B6-AAFD-40F4-B490-5F6A638C1669}.Release|iPhone.Build.0 = Release|Any CPU
		{9869C3B6-AAFD-40F4-B490-5F6A638C1669}.Release|iPhoneSimulator.ActiveCfg = Release|Any CPU
		{9869C3B6-AAFD-40F4-B490-5F6A638C1669}.Release|iPhoneSimulator.Build.0 = Release|Any CPU
		{9869C3B6-AAFD-40F4-B490-5F6A638C1669}.Release|Mixed Platforms.ActiveCfg = Release|Any CPU
		{9869C3B6-AAFD-40F4-B490-5F6A638C1669}.Release|Mixed Platforms.Build.0 = Release|Any CPU
		{46C49614-E072-4593-9F35-D2813C436BE5}.Ad-Hoc|Any CPU.ActiveCfg = Release|Any CPU
		{46C49614-E072-4593-9F35-D2813C436BE5}.Ad-Hoc|Any CPU.Build.0 = Release|Any CPU
		{46C49614-E072-4593-9F35-D2813C436BE5}.Ad-Hoc|iPhone.ActiveCfg = Release|Any CPU
		{46C49614-E072-4593-9F35-D2813C436BE5}.Ad-Hoc|iPhoneSimulator.ActiveCfg = Release|Any CPU
		{46C49614-E072-4593-9F35-D2813C436BE5}.Ad-Hoc|Mixed Platforms.ActiveCfg = Release|Any CPU
		{46C49614-E072-4593-9F35-D2813C436BE5}.Ad-Hoc|Mixed Platforms.Build.0 = Release|Any CPU
		{46C49614-E072-4593-9F35-D2813C436BE5}.AppStore|Any CPU.ActiveCfg = Release|Any CPU
		{46C49614-E072-4593-9F35-D2813C436BE5}.AppStore|Any CPU.Build.0 = Release|Any CPU
		{46C49614-E072-4593-9F35-D2813C436BE5}.AppStore|iPhone.ActiveCfg = Release|Any CPU
		{46C49614-E072-4593-9F35-D2813C436BE5}.AppStore|iPhoneSimulator.ActiveCfg = Release|Any CPU
		{46C49614-E072-4593-9F35-D2813C436BE5}.AppStore|Mixed Platforms.ActiveCfg = Release|Any CPU
		{46C49614-E072-4593-9F35-D2813C436BE5}.AppStore|Mixed Platforms.Build.0 = Release|Any CPU
		{46C49614-E072-4593-9F35-D2813C436BE5}.Debug|Any CPU.ActiveCfg = Debug|Any CPU
		{46C49614-E072-4593-9F35-D2813C436BE5}.Debug|Any CPU.Build.0 = Debug|Any CPU
		{46C49614-E072-4593-9F35-D2813C436BE5}.Debug|iPhone.ActiveCfg = Debug|Any CPU
		{46C49614-E072-4593-9F35-D2813C436BE5}.Debug|iPhoneSimulator.ActiveCfg = Debug|Any CPU
		{46C49614-E072-4593-9F35-D2813C436BE5}.Debug|Mixed Platforms.ActiveCfg = Debug|Any CPU
		{46C49614-E072-4593-9F35-D2813C436BE5}.Debug|Mixed Platforms.Build.0 = Debug|Any CPU
		{46C49614-E072-4593-9F35-D2813C436BE5}.Release|Any CPU.ActiveCfg = Release|Any CPU
		{46C49614-E072-4593-9F35-D2813C436BE5}.Release|Any CPU.Build.0 = Release|Any CPU
		{46C49614-E072-4593-9F35-D2813C436BE5}.Release|iPhone.ActiveCfg = Release|Any CPU
		{46C49614-E072-4593-9F35-D2813C436BE5}.Release|iPhoneSimulator.ActiveCfg = Release|Any CPU
		{46C49614-E072-4593-9F35-D2813C436BE5}.Release|Mixed Platforms.ActiveCfg = Release|Any CPU
		{46C49614-E072-4593-9F35-D2813C436BE5}.Release|Mixed Platforms.Build.0 = Release|Any CPU
	EndGlobalSection
	GlobalSection(SolutionProperties) = preSolution
		HideSolutionNode = FALSE
	EndGlobalSection
	GlobalSection(MonoDevelopProperties) = preSolution
		StartupItem = StitchyPhone2\StitchWitch.iOS.csproj
	EndGlobalSection
EndGlobal
